
Microsoft Visual Studio Solution File, Format Version 12.00
# Visual Studio Version 17
VisualStudioVersion = 17.1.32328.378
MinimumVisualStudioVersion = 10.0.40219.1
Project("{888888A0-9F3D-457C-B088-3A5042F75D52}") = "Logistic_regression", "Logistic_regression\Logistic_regression.pyproj", "{5DFED098-F746-4831-B142-AB27D06CE519}"
EndProject
Global
	GlobalSection(SolutionConfigurationPlatforms) = preSolution
		Debug|Any CPU = Debug|Any CPU
		Release|Any CPU = Release|Any CPU
	EndGlobalSection
	GlobalSection(ProjectConfigurationPlatforms) = postSolution
		{5DFED098-F746-4831-B142-AB27D06CE519}.Debug|Any CPU.ActiveCfg = Debug|Any CPU
		{5DFED098-F746-4831-B142-AB27D06CE519}.Release|Any CPU.ActiveCfg = Release|Any CPU
	EndGlobalSection
	GlobalSection(SolutionProperties) = preSolution
		HideSolutionNode = FALSE
	EndGlobalSection
	GlobalSection(ExtensibilityGlobals) = postSolution
		SolutionGuid = {BEC58A96-6827-457B-A66A-67B8E3B5E081}
	EndGlobalSection
EndGlobal
